
Microsoft Visual Studio Solution File, Format Version 12.00
# Visual Studio Version 16
VisualStudioVersion = 16.0.30011.22
MinimumVisualStudioVersion = 10.0.40219.1
Project("{FAE04EC0-301F-11D3-BF4B-00C04F79EFBC}") = "ConsoleApplication22", "ConsoleApplication22\ConsoleApplication22.csproj", "{8C169D5D-35DD-4959-A39C-96E9C7879EA4}"
EndProject
Global
	GlobalSection(SolutionConfigurationPlatforms) = preSolution
		Debug|Any CPU = Debug|Any CPU
		Release|Any CPU = Release|Any CPU
	EndGlobalSection
	GlobalSection(ProjectConfigurationPlatforms) = postSolution
		{8C169D5D-35DD-4959-A39C-96E9C7879EA4}.Debug|Any CPU.ActiveCfg = Debug|Any CPU
		{8C169D5D-35DD-4959-A39C-96E9C7879EA4}.Debug|Any CPU.Build.0 = Debug|Any CPU
		{8C169D5D-35DD-4959-A39C-96E9C7879EA4}.Release|Any CPU.ActiveCfg = Release|Any CPU
		{8C169D5D-35DD-4959-A39C-96E9C7879EA4}.Release|Any CPU.Build.0 = Release|Any CPU
	EndGlobalSection
	GlobalSection(SolutionProperties) = preSolution
		HideSolutionNode = FALSE
	EndGlobalSection
	GlobalSection(ExtensibilityGlobals) = postSolution
		SolutionGuid = {0C8A1873-3185-4269-84F1-8A5EA8B7D597}
	EndGlobalSection
EndGlobal
