
Microsoft Visual Studio Solution File, Format Version 12.00
# Visual Studio Version 16
VisualStudioVersion = 16.0.30011.22
MinimumVisualStudioVersion = 10.0.40219.1
Project("{FAE04EC0-301F-11D3-BF4B-00C04F79EFBC}") = "Decisions", "Decisions\Decisions.csproj", "{92D1BBE9-CC6F-4202-ACBF-82D33E3CA98C}"
EndProject
Global
	GlobalSection(SolutionConfigurationPlatforms) = preSolution
		Debug|Any CPU = Debug|Any CPU
		Release|Any CPU = Release|Any CPU
	EndGlobalSection
	GlobalSection(ProjectConfigurationPlatforms) = postSolution
		{92D1BBE9-CC6F-4202-ACBF-82D33E3CA98C}.Debug|Any CPU.ActiveCfg = Debug|Any CPU
		{92D1BBE9-CC6F-4202-ACBF-82D33E3CA98C}.Debug|Any CPU.Build.0 = Debug|Any CPU
		{92D1BBE9-CC6F-4202-ACBF-82D33E3CA98C}.Release|Any CPU.ActiveCfg = Release|Any CPU
		{92D1BBE9-CC6F-4202-ACBF-82D33E3CA98C}.Release|Any CPU.Build.0 = Release|Any CPU
	EndGlobalSection
	GlobalSection(SolutionProperties) = preSolution
		HideSolutionNode = FALSE
	EndGlobalSection
	GlobalSection(ExtensibilityGlobals) = postSolution
		SolutionGuid = {C5898083-557F-4B35-96B1-F3A95C58DF61}
	EndGlobalSection
EndGlobal
